
Microsoft Visual Studio Solution File, Format Version 12.00
# Visual Studio Version 16
VisualStudioVersion = 16.0.29920.165
MinimumVisualStudioVersion = 10.0.40219.1
Project("{9A19103F-16F7-4668-BE54-9A1E7A4F7556}") = "Shopsolution.Web", "Shopsolution.Web\Shopsolution.Web.csproj", "{CFAF7A3A-B729-489C-A92B-7D93B9DAA65A}"
EndProject
Project("{2150E333-8FDC-42A3-9474-1A3956D46DE8}") = "Solution Items", "Solution Items", "{66CFC4CD-9F8E-408C-9A4B-F2D0A52B7865}"
	ProjectSection(SolutionItems) = preProject
		readme.txt = readme.txt
	EndProjectSection
EndProject
Global
	GlobalSection(SolutionConfigurationPlatforms) = preSolution
		Debug|Any CPU = Debug|Any CPU
		Release|Any CPU = Release|Any CPU
	EndGlobalSection
	GlobalSection(ProjectConfigurationPlatforms) = postSolution
		{CFAF7A3A-B729-489C-A92B-7D93B9DAA65A}.Debug|Any CPU.ActiveCfg = Debug|Any CPU
		{CFAF7A3A-B729-489C-A92B-7D93B9DAA65A}.Debug|Any CPU.Build.0 = Debug|Any CPU
		{CFAF7A3A-B729-489C-A92B-7D93B9DAA65A}.Release|Any CPU.ActiveCfg = Release|Any CPU
		{CFAF7A3A-B729-489C-A92B-7D93B9DAA65A}.Release|Any CPU.Build.0 = Release|Any CPU
	EndGlobalSection
	GlobalSection(SolutionProperties) = preSolution
		HideSolutionNode = FALSE
	EndGlobalSection
	GlobalSection(ExtensibilityGlobals) = postSolution
		SolutionGuid = {193EC922-9526-483A-B4C2-9A811082C497}
	EndGlobalSection
EndGlobal
